PODS:
  - AAShimmerView (1.1)
  - Shimmer (1.0.2)

DEPENDENCIES:
  - AAShimmerView
  - Shimmer

SPEC CHECKSUMS:
  AAShimmerView: dbd3e261e18d05146d2783b35ab98a641d26681b
  Shimmer: c5374be1c2b0c9e292fb05b339a513cf291cac86

PODFILE CHECKSUM: d596219ac9d45e47eeea3784e10bfefa211f2cfa

COCOAPODS: 1.3.1
